
Microsoft Visual Studio Solution File, Format Version 12.00
# Visual Studio 14
VisualStudioVersion = 14.0.23107.0
MinimumVisualStudioVersion = 10.0.40219.1
Project("{FAE04EC0-301F-11D3-BF4B-00C04F79EFBC}") = "Kitchen.Web", "Kitchen.Web\Kitchen.Web.csproj", "{F9308BD6-49FD-4F25-AF4A-448D91AE9283}"
EndProject
Project("{FAE04EC0-301F-11D3-BF4B-00C04F79EFBC}") = "Kitchen.Tests", "Kitchen.Tests\Kitchen.Tests.csproj", "{6FB8DB2D-011D-469A-9BC2-4B9906720F37}"
EndProject
Global
	GlobalSection(SolutionConfigurationPlatforms) = preSolution
		Debug|Any CPU = Debug|Any CPU
		Release|Any CPU = Release|Any CPU
	EndGlobalSection
	GlobalSection(ProjectConfigurationPlatforms) = postSolution
		{F9308BD6-49FD-4F25-AF4A-448D91AE9283}.Debug|Any CPU.ActiveCfg = Debug|Any CPU
		{F9308BD6-49FD-4F25-AF4A-448D91AE9283}.Debug|Any CPU.Build.0 = Debug|Any CPU
		{F9308BD6-49FD-4F25-AF4A-448D91AE9283}.Release|Any CPU.ActiveCfg = Release|Any CPU
		{F9308BD6-49FD-4F25-AF4A-448D91AE9283}.Release|Any CPU.Build.0 = Release|Any CPU
		{6FB8DB2D-011D-469A-9BC2-4B9906720F37}.Debug|Any CPU.ActiveCfg = Debug|Any CPU
		{6FB8DB2D-011D-469A-9BC2-4B9906720F37}.Debug|Any CPU.Build.0 = Debug|Any CPU
		{6FB8DB2D-011D-469A-9BC2-4B9906720F37}.Release|Any CPU.ActiveCfg = Release|Any CPU
		{6FB8DB2D-011D-469A-9BC2-4B9906720F37}.Release|Any CPU.Build.0 = Release|Any CPU
	EndGlobalSection
	GlobalSection(SolutionProperties) = preSolution
		HideSolutionNode = FALSE
	EndGlobalSection
EndGlobal
