
Microsoft Visual Studio Solution File, Format Version 12.00
# Visual Studio Version 16
VisualStudioVersion = 16.0.29709.97
MinimumVisualStudioVersion = 10.0.40219.1
Project("{FAE04EC0-301F-11D3-BF4B-00C04F79EFBC}") = "Kitchen", "Kitchen.csproj", "{9611498B-319C-4901-9D45-0B2B518EED00}"
EndProject
Global
	GlobalSection(SolutionConfigurationPlatforms) = preSolution
		Debug|Any CPU = Debug|Any CPU
		Release|Any CPU = Release|Any CPU
	EndGlobalSection
	GlobalSection(ProjectConfigurationPlatforms) = postSolution
		{9611498B-319C-4901-9D45-0B2B518EED00}.Debug|Any CPU.ActiveCfg = Debug|Any CPU
		{9611498B-319C-4901-9D45-0B2B518EED00}.Debug|Any CPU.Build.0 = Debug|Any CPU
		{9611498B-319C-4901-9D45-0B2B518EED00}.Release|Any CPU.ActiveCfg = Release|Any CPU
		{9611498B-319C-4901-9D45-0B2B518EED00}.Release|Any CPU.Build.0 = Release|Any CPU
	EndGlobalSection
	GlobalSection(SolutionProperties) = preSolution
		HideSolutionNode = FALSE
	EndGlobalSection
	GlobalSection(ExtensibilityGlobals) = postSolution
		SolutionGuid = {14C3DAFF-EB17-4E2D-8308-78BD178FA43D}
	EndGlobalSection
EndGlobal
